
Microsoft Visual Studio Solution File, Format Version 12.00
# Visual Studio Version 17
VisualStudioVersion = 17.1.32319.34
MinimumVisualStudioVersion = 10.0.40219.1
Project("{FAE04EC0-301F-11D3-BF4B-00C04F79EFBC}") = "BulkyBook", "BulkyBook.csproj", "{AF65CC77-ECA6-47ED-BF16-3D6D0CE8B3B0}"
EndProject
Global
	GlobalSection(SolutionConfigurationPlatforms) = preSolution
		Debug|Any CPU = Debug|Any CPU
		Release|Any CPU = Release|Any CPU
	EndGlobalSection
	GlobalSection(ProjectConfigurationPlatforms) = postSolution
		{AF65CC77-ECA6-47ED-BF16-3D6D0CE8B3B0}.Debug|Any CPU.ActiveCfg = Debug|Any CPU
		{AF65CC77-ECA6-47ED-BF16-3D6D0CE8B3B0}.Debug|Any CPU.Build.0 = Debug|Any CPU
		{AF65CC77-ECA6-47ED-BF16-3D6D0CE8B3B0}.Release|Any CPU.ActiveCfg = Release|Any CPU
		{AF65CC77-ECA6-47ED-BF16-3D6D0CE8B3B0}.Release|Any CPU.Build.0 = Release|Any CPU
	EndGlobalSection
	GlobalSection(SolutionProperties) = preSolution
		HideSolutionNode = FALSE
	EndGlobalSection
	GlobalSection(ExtensibilityGlobals) = postSolution
		SolutionGuid = {6A3994F4-9198-4BB0-96E9-4F54564C983C}
	EndGlobalSection
EndGlobal
